
Microsoft Visual Studio Solution File, Format Version 11.00
# Visual Studio 2010
Project("{8BC9CEB8-8B4A-11D0-8D11-00A0C91BC942}") = "spiral_matrix", "spiral_matrix\spiral_matrix.vcxproj", "{20C65CC6-6477-411A-BCBE-9BD3B60CA2E9}"
EndProject
Global
	GlobalSection(SolutionConfigurationPlatforms) = preSolution
		Debug|Win32 = Debug|Win32
		Release|Win32 = Release|Win32
	EndGlobalSection
	GlobalSection(ProjectConfigurationPlatforms) = postSolution
		{20C65CC6-6477-411A-BCBE-9BD3B60CA2E9}.Debug|Win32.ActiveCfg = Debug|Win32
		{20C65CC6-6477-411A-BCBE-9BD3B60CA2E9}.Debug|Win32.Build.0 = Debug|Win32
		{20C65CC6-6477-411A-BCBE-9BD3B60CA2E9}.Release|Win32.ActiveCfg = Release|Win32
		{20C65CC6-6477-411A-BCBE-9BD3B60CA2E9}.Release|Win32.Build.0 = Release|Win32
	EndGlobalSection
	GlobalSection(SolutionProperties) = preSolution
		HideSolutionNode = FALSE
	EndGlobalSection
EndGlobal
