
Microsoft Visual Studio Solution File, Format Version 11.00
# Visual Studio 2010
Project("{8BC9CEB8-8B4A-11D0-8D11-00A0C91BC942}") = "e_convergence", "e_convergence\e_convergence.vcxproj", "{86B286A7-40AC-453E-A3F5-3AD7F7F9D74F}"
EndProject
Global
	GlobalSection(SolutionConfigurationPlatforms) = preSolution
		Debug|Win32 = Debug|Win32
		Release|Win32 = Release|Win32
	EndGlobalSection
	GlobalSection(ProjectConfigurationPlatforms) = postSolution
		{86B286A7-40AC-453E-A3F5-3AD7F7F9D74F}.Debug|Win32.ActiveCfg = Debug|Win32
		{86B286A7-40AC-453E-A3F5-3AD7F7F9D74F}.Debug|Win32.Build.0 = Debug|Win32
		{86B286A7-40AC-453E-A3F5-3AD7F7F9D74F}.Release|Win32.ActiveCfg = Release|Win32
		{86B286A7-40AC-453E-A3F5-3AD7F7F9D74F}.Release|Win32.Build.0 = Release|Win32
	EndGlobalSection
	GlobalSection(SolutionProperties) = preSolution
		HideSolutionNode = FALSE
	EndGlobalSection
EndGlobal
